
Microsoft Visual Studio Solution File, Format Version 12.00
# Visual Studio Version 16
VisualStudioVersion = 16.0.31624.102
MinimumVisualStudioVersion = 10.0.40219.1
Project("{FAE04EC0-301F-11D3-BF4B-00C04F79EFBC}") = "Andead.HttpClient", "Andead.HttpClient\Andead.HttpClient.csproj", "{BF2B569B-A933-466F-96A2-A3A5879DE357}"
EndProject
Global
	GlobalSection(SolutionConfigurationPlatforms) = preSolution
		Debug|Any CPU = Debug|Any CPU
		Release|Any CPU = Release|Any CPU
	EndGlobalSection
	GlobalSection(ProjectConfigurationPlatforms) = postSolution
		{BF2B569B-A933-466F-96A2-A3A5879DE357}.Debug|Any CPU.ActiveCfg = Debug|Any CPU
		{BF2B569B-A933-466F-96A2-A3A5879DE357}.Debug|Any CPU.Build.0 = Debug|Any CPU
		{BF2B569B-A933-466F-96A2-A3A5879DE357}.Release|Any CPU.ActiveCfg = Release|Any CPU
		{BF2B569B-A933-466F-96A2-A3A5879DE357}.Release|Any CPU.Build.0 = Release|Any CPU
	EndGlobalSection
	GlobalSection(SolutionProperties) = preSolution
		HideSolutionNode = FALSE
	EndGlobalSection
	GlobalSection(ExtensibilityGlobals) = postSolution
		SolutionGuid = {04AC5B50-516F-4405-BABC-B847F788C10C}
	EndGlobalSection
EndGlobal
